{
    "_readme": [
        "This file locks the dependencies of your project to a known state",
        "Read more about it at https://getcomposer.org/doc/01-basic-usage.md#composer-lock-the-lock-file",
        "This file is @generated automatically"
    ],
    "content-hash": "58ba92a7fba353c390d30dedf2273332",
    "packages": [],
    "packages-dev": [
        {
            "name": "arrilot/data-anonymization",
            "version": "1.0.3",
            "source": {
                "type": "git",
                "url": "https://github.com/arrilot/data-anonymization.git",
                "reference": "e97a020b4696459b39223c631cb7b94454a3c72b"
            },
            "dist": {
                "type": "zip",
                "url": "https://api.github.com/repos/arrilot/data-anonymization/zipball/e97a020b4696459b39223c631cb7b94454a3c72b",
                "reference": "e97a020b4696459b39223c631cb7b94454a3c72b",
                "shasum": ""
            },
            "require": {
                "php": ">=5.4.0"
            },
            "require-dev": {
                "mockery/mockery": "~0.9",
                "phpunit/phpunit": "~4.0"
            },
            "suggest": {
                "fzaninotto/Faker": "^1.5"
            },
            "type": "library",
            "autoload": {
                "psr-4": {
                    "Arrilot\\DataAnonymization\\": "src/"
                }
            },
            "notification-url": "https://packagist.org/downloads/",
            "license": [
                "MIT"
            ],
            "authors": [
                {
                    "name": "Nekrasov Ilya",
                    "email": "nekrasov.ilya90@gmail.com"
                }
            ],
            "description": "Anonymize any data in your SQL database",
            "homepage": "https://github.com/arrilot/data-anonymization",
            "keywords": [
                "anonymization",
                "database"
            ],
            "time": "2017-03-01T09:12:32+00:00"
        },
        {
            "name": "fzaninotto/faker",
            "version": "v1.6.0",
            "source": {
                "type": "git",
                "url": "https://github.com/fzaninotto/Faker.git",
                "reference": "44f9a286a04b80c76a4e5fb7aad8bb539b920123"
            },
            "dist": {
                "type": "zip",
                "url": "https://api.github.com/repos/fzaninotto/Faker/zipball/44f9a286a04b80c76a4e5fb7aad8bb539b920123",
                "reference": "44f9a286a04b80c76a4e5fb7aad8bb539b920123",
                "shasum": ""
            },
            "require": {
                "php": "^5.3.3|^7.0"
            },
            "require-dev": {
                "ext-intl": "*",
                "phpunit/phpunit": "~4.0",
                "squizlabs/php_codesniffer": "~1.5"
            },
            "type": "library",
            "extra": {
                "branch-alias": []
            },
            "autoload": {
                "psr-4": {
                    "Faker\\": "src/Faker/"
                }
            },
            "notification-url": "https://packagist.org/downloads/",
            "license": [
                "MIT"
            ],
            "authors": [
                {
                    "name": "François Zaninotto"
                }
            ],
            "description": "Faker is a PHP library that generates fake data for you.",
            "keywords": [
                "data",
                "faker",
                "fixtures"
            ],
            "time": "2016-04-29T12:21:54+00:00"
        }
    ],
    "aliases": [],
    "minimum-stability": "stable",
    "stability-flags": [],
    "prefer-stable": false,
    "prefer-lowest": false,
    "platform": [],
    "platform-dev": []
}
